// !$*UTF8*$!
{
	archiveVersion = 1;
	classes = {
	};
	objectVersion = 46;
	objects = {

/* Begin PBXBuildFile section */
		5811F5B91ABF48E90073B168 /* Localizable.strings in Resources */ = {isa = PBXBuildFile; fileRef = 5811F5B71ABF48E90073B168 /* Localizable.strings */; };
		5864059F1AB9F43C00E49066 /* main.m in Sources */ = {isa = PBXBuildFile; fileRef = 5864059E1AB9F43C00E49066 /* main.m */; };
		586405A21AB9F43C00E49066 /* AppDelegate.m in Sources */ = {isa = PBXBuildFile; fileRef = 586405A11AB9F43C00E49066 /* AppDelegate.m */; };
		586405AD1AB9F43C00E49066 /* Images.xcassets in Resources */ = {isa = PBXBuildFile; fileRef = 586405AC1AB9F43C00E49066 /* Images.xcassets */; };
		586405B01AB9F43C00E49066 /* LaunchScreen.xib in Resources */ = {isa = PBXBuildFile; fileRef = 586405AE1AB9F43C00E49066 /* LaunchScreen.xib */; };
		586405BC1AB9F43C00E49066 /* CountingColorsTests.m in Sources */ = {isa = PBXBuildFile; fileRef = 586405BB1AB9F43C00E49066 /* CountingColorsTests.m */; };
		586405C71AB9F54100E49066 /* UIColor+Extensions.m in Sources */ = {isa = PBXBuildFile; fileRef = 586405C61AB9F54100E49066 /* UIColor+Extensions.m */; };
		586405CB1AB9F6D900E49066 /* ColorsViewController.m in Sources */ = {isa = PBXBuildFile; fileRef = 586405C91AB9F6D900E49066 /* ColorsViewController.m */; };
		586405CC1AB9F6D900E49066 /* ColorsViewController.xib in Resources */ = {isa = PBXBuildFile; fileRef = 586405CA1AB9F6D900E49066 /* ColorsViewController.xib */; };
		586405D01ABA033800E49066 /* DataViewController.m in Sources */ = {isa = PBXBuildFile; fileRef = 586405CE1ABA033800E49066 /* DataViewController.m */; };
		586405D11ABA033800E49066 /* DataViewController.xib in Resources */ = {isa = PBXBuildFile; fileRef = 586405CF1ABA033800E49066 /* DataViewController.xib */; };
		586405D51ABA0B6500E49066 /* ColorViewController.m in Sources */ = {isa = PBXBuildFile; fileRef = 586405D31ABA0B6500E49066 /* ColorViewController.m */; };
		586405D61ABA0B6500E49066 /* ColorViewController.xib in Resources */ = {isa = PBXBuildFile; fileRef = 586405D41ABA0B6500E49066 /* ColorViewController.xib */; };
		586405D91ABA0E3800E49066 /* ColorsData.xcdatamodeld in Sources */ = {isa = PBXBuildFile; fileRef = 586405D71ABA0E3800E49066 /* ColorsData.xcdatamodeld */; };
		586405E01ABA16EA00E49066 /* Color.m in Sources */ = {isa = PBXBuildFile; fileRef = 586405DF1ABA16EA00E49066 /* Color.m */; };
		586405E21ABA174E00E49066 /* CoreData.framework in Frameworks */ = {isa = PBXBuildFile; fileRef = 586405E11ABA174E00E49066 /* CoreData.framework */; };
/* End PBXBuildFile section */

/* Begin PBXContainerItemProxy section */
		586405B61AB9F43C00E49066 /* PBXContainerItemProxy */ = {
			isa = PBXContainerItemProxy;
			containerPortal = 586405911AB9F43C00E49066 /* Project object */;
			proxyType = 1;
			remoteGlobalIDString = 586405981AB9F43C00E49066;
			remoteInfo = CountingColors;
		};
/* End PBXContainerItemProxy section */

/* Begin PBXFileReference section */
		5811F5B81ABF48E90073B168 /* Base */ = {isa = PBXFileReference; lastKnownFileType = text.plist.strings; name = Base; path = Base.lproj/Localizable.strings; sourceTree = "<group>"; };
		586405991AB9F43C00E49066 /* CountingColors.app */ = {isa = PBXFileReference; explicitFileType = wrapper.application; includeInIndex = 0; path = CountingColors.app; sourceTree = BUILT_PRODUCTS_DIR; };
		5864059D1AB9F43C00E49066 /* Info.plist */ = {isa = PBXFileReference; lastKnownFileType = text.plist.xml; path = Info.plist; sourceTree = "<group>"; };
		5864059E1AB9F43C00E49066 /* main.m */ = {isa = PBXFileReference; lastKnownFileType = sourcecode.c.objc; path = main.m; sourceTree = "<group>"; };
		586405A01AB9F43C00E49066 /* AppDelegate.h */ = {isa = PBXFileReference; lastKnownFileType = sourcecode.c.h; path = AppDelegate.h; sourceTree = "<group>"; };
		586405A11AB9F43C00E49066 /* AppDelegate.m */ = {isa = PBXFileReference; lastKnownFileType = sourcecode.c.objc; path = AppDelegate.m; sourceTree = "<group>"; };
		586405AC1AB9F43C00E49066 /* Images.xcassets */ = {isa = PBXFileReference; lastKnownFileType = folder.assetcatalog; path = Images.xcassets; sourceTree = "<group>"; };
		586405AF1AB9F43C00E49066 /* Base */ = {isa = PBXFileReference; lastKnownFileType = file.xib; name = Base; path = Base.lproj/LaunchScreen.xib; sourceTree = "<group>"; };
		586405B51AB9F43C00E49066 /* CountingColorsTests.xctest */ = {isa = PBXFileReference; explicitFileType = wrapper.cfbundle; includeInIndex = 0; path = CountingColorsTests.xctest; sourceTree = BUILT_PRODUCTS_DIR; };
		586405BA1AB9F43C00E49066 /* Info.plist */ = {isa = PBXFileReference; lastKnownFileType = text.plist.xml; path = Info.plist; sourceTree = "<group>"; };
		586405BB1AB9F43C00E49066 /* CountingColorsTests.m */ = {isa = PBXFileReference; lastKnownFileType = sourcecode.c.objc; path = CountingColorsTests.m; sourceTree = "<group>"; };
		586405C51AB9F54100E49066 /* UIColor+Extensions.h */ = {isa = PBXFileReference; fileEncoding = 4; lastKnownFileType = sourcecode.c.h; path = "UIColor+Extensions.h"; sourceTree = "<group>"; };
		586405C61AB9F54100E49066 /* UIColor+Extensions.m */ = {isa = PBXFileReference; fileEncoding = 4; lastKnownFileType = sourcecode.c.objc; path = "UIColor+Extensions.m"; sourceTree = "<group>"; };
		586405C81AB9F6D900E49066 /* ColorsViewController.h */ = {isa = PBXFileReference; fileEncoding = 4; lastKnownFileType = sourcecode.c.h; path = ColorsViewController.h; sourceTree = "<group>"; };
		586405C91AB9F6D900E49066 /* ColorsViewController.m */ = {isa = PBXFileReference; fileEncoding = 4; lastKnownFileType = sourcecode.c.objc; path = ColorsViewController.m; sourceTree = "<group>"; };
		586405CA1AB9F6D900E49066 /* ColorsViewController.xib */ = {isa = PBXFileReference; fileEncoding = 4; lastKnownFileType = file.xib; path = ColorsViewController.xib; sourceTree = "<group>"; };
		586405CD1ABA033800E49066 /* DataViewController.h */ = {isa = PBXFileReference; fileEncoding = 4; lastKnownFileType = sourcecode.c.h; path = DataViewController.h; sourceTree = "<group>"; };
		586405CE1ABA033800E49066 /* DataViewController.m */ = {isa = PBXFileReference; fileEncoding = 4; lastKnownFileType = sourcecode.c.objc; path = DataViewController.m; sourceTree = "<group>"; };
		586405CF1ABA033800E49066 /* DataViewController.xib */ = {isa = PBXFileReference; fileEncoding = 4; lastKnownFileType = file.xib; path = DataViewController.xib; sourceTree = "<group>"; };
		586405D21ABA0B6500E49066 /* ColorViewController.h */ = {isa = PBXFileReference; fileEncoding = 4; lastKnownFileType = sourcecode.c.h; path = ColorViewController.h; sourceTree = "<group>"; };
		586405D31ABA0B6500E49066 /* ColorViewController.m */ = {isa = PBXFileReference; fileEncoding = 4; lastKnownFileType = sourcecode.c.objc; path = ColorViewController.m; sourceTree = "<group>"; };
		586405D41ABA0B6500E49066 /* ColorViewController.xib */ = {isa = PBXFileReference; fileEncoding = 4; lastKnownFileType = file.xib; path = ColorViewController.xib; sourceTree = "<group>"; };
		586405D81ABA0E3800E49066 /* ColorsData.xcdatamodel */ = {isa = PBXFileReference; lastKnownFileType = wrapper.xcdatamodel; path = ColorsData.xcdatamodel; sourceTree = "<group>"; };
		586405DE1ABA16EA00E49066 /* Color.h */ = {isa = PBXFileReference; fileEncoding = 4; lastKnownFileType = sourcecode.c.h; path = Color.h; sourceTree = "<group>"; };
		586405DF1ABA16EA00E49066 /* Color.m */ = {isa = PBXFileReference; fileEncoding = 4; lastKnownFileType = sourcecode.c.objc; path = Color.m; sourceTree = "<group>"; };
		586405E11ABA174E00E49066 /* CoreData.framework */ = {isa = PBXFileReference; lastKnownFileType = wrapper.framework; name = CoreData.framework; path = System/Library/Frameworks/CoreData.framework; sourceTree = SDKROOT; };
/* End PBXFileReference section */

/* Begin PBXFrameworksBuildPhase section */
		586405961AB9F43C00E49066 /* Frameworks */ = {
			isa = PBXFrameworksBuildPhase;
			buildActionMask = 2147483647;
			files = (
				586405E21ABA174E00E49066 /* CoreData.framework in Frameworks */,
			);
			runOnlyForDeploymentPostprocessing = 0;
		};
		586405B21AB9F43C00E49066 /* Frameworks */ = {
			isa = PBXFrameworksBuildPhase;
			buildActionMask = 2147483647;
			files = (
			);
			runOnlyForDeploymentPostprocessing = 0;
		};
/* End PBXFrameworksBuildPhase section */

/* Begin PBXGroup section */
		586405901AB9F43C00E49066 = {
			isa = PBXGroup;
			children = (
				586405E11ABA174E00E49066 /* CoreData.framework */,
				5864059B1AB9F43C00E49066 /* CountingColors */,
				586405B81AB9F43C00E49066 /* CountingColorsTests */,
				5864059A1AB9F43C00E49066 /* Products */,
			);
			sourceTree = "<group>";
		};
		5864059A1AB9F43C00E49066 /* Products */ = {
			isa = PBXGroup;
			children = (
				586405991AB9F43C00E49066 /* CountingColors.app */,
				586405B51AB9F43C00E49066 /* CountingColorsTests.xctest */,
			);
			name = Products;
			sourceTree = "<group>";
		};
		5864059B1AB9F43C00E49066 /* CountingColors */ = {
			isa = PBXGroup;
			children = (
				586405DA1ABA0F9700E49066 /* Model */,
				586405C51AB9F54100E49066 /* UIColor+Extensions.h */,
				586405C61AB9F54100E49066 /* UIColor+Extensions.m */,
				586405A01AB9F43C00E49066 /* AppDelegate.h */,
				586405A11AB9F43C00E49066 /* AppDelegate.m */,
				586405AC1AB9F43C00E49066 /* Images.xcassets */,
				586405AE1AB9F43C00E49066 /* LaunchScreen.xib */,
				5864059C1AB9F43C00E49066 /* Supporting Files */,
				586405C81AB9F6D900E49066 /* ColorsViewController.h */,
				586405C91AB9F6D900E49066 /* ColorsViewController.m */,
				586405CA1AB9F6D900E49066 /* ColorsViewController.xib */,
				586405CD1ABA033800E49066 /* DataViewController.h */,
				586405CE1ABA033800E49066 /* DataViewController.m */,
				586405CF1ABA033800E49066 /* DataViewController.xib */,
				586405D21ABA0B6500E49066 /* ColorViewController.h */,
				586405D31ABA0B6500E49066 /* ColorViewController.m */,
				586405D41ABA0B6500E49066 /* ColorViewController.xib */,
			);
			path = CountingColors;
			sourceTree = "<group>";
		};
		5864059C1AB9F43C00E49066 /* Supporting Files */ = {
			isa = PBXGroup;
			children = (
				5864059D1AB9F43C00E49066 /* Info.plist */,
				5864059E1AB9F43C00E49066 /* main.m */,
				5811F5B71ABF48E90073B168 /* Localizable.strings */,
			);
			name = "Supporting Files";
			sourceTree = "<group>";
		};
		586405B81AB9F43C00E49066 /* CountingColorsTests */ = {
			isa = PBXGroup;
			children = (
				586405BB1AB9F43C00E49066 /* CountingColorsTests.m */,
				586405B91AB9F43C00E49066 /* Supporting Files */,
			);
			path = CountingColorsTests;
			sourceTree = "<group>";
		};
		586405B91AB9F43C00E49066 /* Supporting Files */ = {
			isa = PBXGroup;
			children = (
				586405BA1AB9F43C00E49066 /* Info.plist */,
			);
			name = "Supporting Files";
			sourceTree = "<group>";
		};
		586405DA1ABA0F9700E49066 /* Model */ = {
			isa = PBXGroup;
			children = (
				586405D71ABA0E3800E49066 /* ColorsData.xcdatamodeld */,
				586405DE1ABA16EA00E49066 /* Color.h */,
				586405DF1ABA16EA00E49066 /* Color.m */,
			);
			name = Model;
			sourceTree = "<group>";
		};
/* End PBXGroup section */

/* Begin PBXNativeTarget section */
		586405981AB9F43C00E49066 /* CountingColors */ = {
			isa = PBXNativeTarget;
			buildConfigurationList = 586405BF1AB9F43C00E49066 /* Build configuration list for PBXNativeTarget "CountingColors" */;
			buildPhases = (
				586405951AB9F43C00E49066 /* Sources */,
				586405961AB9F43C00E49066 /* Frameworks */,
				586405971AB9F43C00E49066 /* Resources */,
			);
			buildRules = (
			);
			dependencies = (
			);
			name = CountingColors;
			productName = CountingColors;
			productReference = 586405991AB9F43C00E49066 /* CountingColors.app */;
			productType = "com.apple.product-type.application";
		};
		586405B41AB9F43C00E49066 /* CountingColorsTests */ = {
			isa = PBXNativeTarget;
			buildConfigurationList = 586405C21AB9F43C00E49066 /* Build configuration list for PBXNativeTarget "CountingColorsTests" */;
			buildPhases = (
				586405B11AB9F43C00E49066 /* Sources */,
				586405B21AB9F43C00E49066 /* Frameworks */,
				586405B31AB9F43C00E49066 /* Resources */,
			);
			buildRules = (
			);
			dependencies = (
				586405B71AB9F43C00E49066 /* PBXTargetDependency */,
			);
			name = CountingColorsTests;
			productName = CountingColorsTests;
			productReference = 586405B51AB9F43C00E49066 /* CountingColorsTests.xctest */;
			productType = "com.apple.product-type.bundle.unit-test";
		};
/* End PBXNativeTarget section */

/* Begin PBXProject section */
		586405911AB9F43C00E49066 /* Project object */ = {
			isa = PBXProject;
			attributes = {
				LastUpgradeCheck = 0620;
				ORGANIZATIONNAME = dylansturg;
				TargetAttributes = {
					586405981AB9F43C00E49066 = {
						CreatedOnToolsVersion = 6.2;
					};
					586405B41AB9F43C00E49066 = {
						CreatedOnToolsVersion = 6.2;
						TestTargetID = 586405981AB9F43C00E49066;
					};
				};
			};
			buildConfigurationList = 586405941AB9F43C00E49066 /* Build configuration list for PBXProject "CountingColors" */;
			compatibilityVersion = "Xcode 3.2";
			developmentRegion = English;
			hasScannedForEncodings = 0;
			knownRegions = (
				en,
				Base,
			);
			mainGroup = 586405901AB9F43C00E49066;
			productRefGroup = 5864059A1AB9F43C00E49066 /* Products */;
			projectDirPath = "";
			projectRoot = "";
			targets = (
				586405981AB9F43C00E49066 /* CountingColors */,
				586405B41AB9F43C00E49066 /* CountingColorsTests */,
			);
		};
/* End PBXProject section */

/* Begin PBXResourcesBuildPhase section */
		586405971AB9F43C00E49066 /* Resources */ = {
			isa = PBXResourcesBuildPhase;
			buildActionMask = 2147483647;
			files = (
				586405D11ABA033800E49066 /* DataViewController.xib in Resources */,
				5811F5B91ABF48E90073B168 /* Localizable.strings in Resources */,
				586405D61ABA0B6500E49066 /* ColorViewController.xib in Resources */,
				586405B01AB9F43C00E49066 /* LaunchScreen.xib in Resources */,
				586405CC1AB9F6D900E49066 /* ColorsViewController.xib in Resources */,
				586405AD1AB9F43C00E49066 /* Images.xcassets in Resources */,
			);
			runOnlyForDeploymentPostprocessing = 0;
		};
		586405B31AB9F43C00E49066 /* Resources */ = {
			isa = PBXResourcesBuildPhase;
			buildActionMask = 2147483647;
			files = (
			);
			runOnlyForDeploymentPostprocessing = 0;
		};
/* End PBXResourcesBuildPhase section */

/* Begin PBXSourcesBuildPhase section */
		586405951AB9F43C00E49066 /* Sources */ = {
			isa = PBXSourcesBuildPhase;
			buildActionMask = 2147483647;
			files = (
				586405CB1AB9F6D900E49066 /* ColorsViewController.m in Sources */,
				586405E01ABA16EA00E49066 /* Color.m in Sources */,
				586405A21AB9F43C00E49066 /* AppDelegate.m in Sources */,
				586405D01ABA033800E49066 /* DataViewController.m in Sources */,
				5864059F1AB9F43C00E49066 /* main.m in Sources */,
				586405D91ABA0E3800E49066 /* ColorsData.xcdatamodeld in Sources */,
				586405D51ABA0B6500E49066 /* ColorViewController.m in Sources */,
				586405C71AB9F54100E49066 /* UIColor+Extensions.m in Sources */,
			);
			runOnlyForDeploymentPostprocessing = 0;
		};
		586405B11AB9F43C00E49066 /* Sources */ = {
			isa = PBXSourcesBuildPhase;
			buildActionMask = 2147483647;
			files = (
				586405BC1AB9F43C00E49066 /* CountingColorsTests.m in Sources */,
			);
			runOnlyForDeploymentPostprocessing = 0;
		};
/* End PBXSourcesBuildPhase section */

/* Begin PBXTargetDependency section */
		586405B71AB9F43C00E49066 /* PBXTargetDependency */ = {
			isa = PBXTargetDependency;
			target = 586405981AB9F43C00E49066 /* CountingColors */;
			targetProxy = 586405B61AB9F43C00E49066 /* PBXContainerItemProxy */;
		};
/* End PBXTargetDependency section */

/* Begin PBXVariantGroup section */
		5811F5B71ABF48E90073B168 /* Localizable.strings */ = {
			isa = PBXVariantGroup;
			children = (
				5811F5B81ABF48E90073B168 /* Base */,
			);
			name = Localizable.strings;
			sourceTree = "<group>";
		};
		586405AE1AB9F43C00E49066 /* LaunchScreen.xib */ = {
			isa = PBXVariantGroup;
			children = (
				586405AF1AB9F43C00E49066 /* Base */,
			);
			name = LaunchScreen.xib;
			sourceTree = "<group>";
		};
/* End PBXVariantGroup section */

/* Begin XCBuildConfiguration section */
		586405BD1AB9F43C00E49066 /* Debug */ = {
			isa = XCBuildConfiguration;
			buildSettings = {
				ALWAYS_SEARCH_USER_PATHS = NO;
				CLANG_CXX_LANGUAGE_STANDARD = "gnu++0x";
				CLANG_CXX_LIBRARY = "libc++";
				CLANG_ENABLE_MODULES = YES;
				CLANG_ENABLE_OBJC_ARC = YES;
				CLANG_WARN_BOOL_CONVERSION = YES;
				CLANG_WARN_CONSTANT_CONVERSION = YES;
				CLANG_WARN_DIRECT_OBJC_ISA_USAGE = YES_ERROR;
				CLANG_WARN_EMPTY_BODY = YES;
				CLANG_WARN_ENUM_CONVERSION = YES;
				CLANG_WARN_INT_CONVERSION = YES;
				CLANG_WARN_OBJC_ROOT_CLASS = YES_ERROR;
				CLANG_WARN_UNREACHABLE_CODE = YES;
				CLANG_WARN__DUPLICATE_METHOD_MATCH = YES;
				"CODE_SIGN_IDENTITY[sdk=iphoneos*]" = "iPhone Developer";
				COPY_PHASE_STRIP = NO;
				ENABLE_STRICT_OBJC_MSGSEND = YES;
				GCC_C_LANGUAGE_STANDARD = gnu99;
				GCC_DYNAMIC_NO_PIC = NO;
				GCC_OPTIMIZATION_LEVEL = 0;
				GCC_PREPROCESSOR_DEFINITIONS = (
					"DEBUG=1",
					"$(inherited)",
				);
				GCC_SYMBOLS_PRIVATE_EXTERN = NO;
				GCC_WARN_64_TO_32_BIT_CONVERSION = YES;
				GCC_WARN_ABOUT_RETURN_TYPE = YES_ERROR;
				GCC_WARN_UNDECLARED_SELECTOR = YES;
				GCC_WARN_UNINITIALIZED_AUTOS = YES_AGGRESSIVE;
				GCC_WARN_UNUSED_FUNCTION = YES;
				GCC_WARN_UNUSED_VARIABLE = YES;
				IPHONEOS_DEPLOYMENT_TARGET = 8.2;
				MTL_ENABLE_DEBUG_INFO = YES;
				ONLY_ACTIVE_ARCH = YES;
				SDKROOT = iphoneos;
				TARGETED_DEVICE_FAMILY = "1,2";
			};
			name = Debug;
		};
		586405BE1AB9F43C00E49066 /* Release */ = {
			isa = XCBuildConfiguration;
			buildSettings = {
				ALWAYS_SEARCH_USER_PATHS = NO;
				CLANG_CXX_LANGUAGE_STANDARD = "gnu++0x";
				CLANG_CXX_LIBRARY = "libc++";
				CLANG_ENABLE_MODULES = YES;
				CLANG_ENABLE_OBJC_ARC = YES;
				CLANG_WARN_BOOL_CONVERSION = YES;
				CLANG_WARN_CONSTANT_CONVERSION = YES;
				CLANG_WARN_DIRECT_OBJC_ISA_USAGE = YES_ERROR;
				CLANG_WARN_EMPTY_BODY = YES;
				CLANG_WARN_ENUM_CONVERSION = YES;
				CLANG_WARN_INT_CONVERSION = YES;
				CLANG_WARN_OBJC_ROOT_CLASS = YES_ERROR;
				CLANG_WARN_UNREACHABLE_CODE = YES;
				CLANG_WARN__DUPLICATE_METHOD_MATCH = YES;
				"CODE_SIGN_IDENTITY[sdk=iphoneos*]" = "iPhone Developer";
				COPY_PHASE_STRIP = NO;
				ENABLE_NS_ASSERTIONS = NO;
				ENABLE_STRICT_OBJC_MSGSEND = YES;
				GCC_C_LANGUAGE_STANDARD = gnu99;
				GCC_WARN_64_TO_32_BIT_CONVERSION = YES;
				GCC_WARN_ABOUT_RETURN_TYPE = YES_ERROR;
				GCC_WARN_UNDECLARED_SELECTOR = YES;
				GCC_WARN_UNINITIALIZED_AUTOS = YES_AGGRESSIVE;
				GCC_WARN_UNUSED_FUNCTION = YES;
				GCC_WARN_UNUSED_VARIABLE = YES;
				IPHONEOS_DEPLOYMENT_TARGET = 8.2;
				MTL_ENABLE_DEBUG_INFO = NO;
				SDKROOT = iphoneos;
				TARGETED_DEVICE_FAMILY = "1,2";
				VALIDATE_PRODUCT = YES;
			};
			name = Release;
		};
		586405C01AB9F43C00E49066 /* Debug */ = {
			isa = XCBuildConfiguration;
			buildSettings = {
				ASSETCATALOG_COMPILER_APPICON_NAME = AppIcon;
				INFOPLIST_FILE = CountingColors/Info.plist;
				IPHONEOS_DEPLOYMENT_TARGET = 8.2;
				LD_RUNPATH_SEARCH_PATHS = "$(inherited) @executable_path/Frameworks";
				PRODUCT_NAME = "$(TARGET_NAME)";
			};
			name = Debug;
		};
		586405C11AB9F43C00E49066 /* Release */ = {
			isa = XCBuildConfiguration;
			buildSettings = {
				ASSETCATALOG_COMPILER_APPICON_NAME = AppIcon;
				INFOPLIST_FILE = CountingColors/Info.plist;
				IPHONEOS_DEPLOYMENT_TARGET = 8.2;
				LD_RUNPATH_SEARCH_PATHS = "$(inherited) @executable_path/Frameworks";
				PRODUCT_NAME = "$(TARGET_NAME)";
			};
			name = Release;
		};
		586405C31AB9F43C00E49066 /* Debug */ = {
			isa = XCBuildConfiguration;
			buildSettings = {
				BUNDLE_LOADER = "$(TEST_HOST)";
				FRAMEWORK_SEARCH_PATHS = (
					"$(SDKROOT)/Developer/Library/Frameworks",
					"$(inherited)",
				);
				GCC_PREPROCESSOR_DEFINITIONS = (
					"DEBUG=1",
					"$(inherited)",
				);
				INFOPLIST_FILE = CountingColorsTests/Info.plist;
				LD_RUNPATH_SEARCH_PATHS = "$(inherited) @executable_path/Frameworks @loader_path/Frameworks";
				PRODUCT_NAME = "$(TARGET_NAME)";
				TEST_HOST = "$(BUILT_PRODUCTS_DIR)/CountingColors.app/CountingColors";
			};
			name = Debug;
		};
		586405C41AB9F43C00E49066 /* Release */ = {
			isa = XCBuildConfiguration;
			buildSettings = {
				BUNDLE_LOADER = "$(TEST_HOST)";
				FRAMEWORK_SEARCH_PATHS = (
					"$(SDKROOT)/Developer/Library/Frameworks",
					"$(inherited)",
				);
				INFOPLIST_FILE = CountingColorsTests/Info.plist;
				LD_RUNPATH_SEARCH_PATHS = "$(inherited) @executable_path/Frameworks @loader_path/Frameworks";
				PRODUCT_NAME = "$(TARGET_NAME)";
				TEST_HOST = "$(BUILT_PRODUCTS_DIR)/CountingColors.app/CountingColors";
			};
			name = Release;
		};
/* End XCBuildConfiguration section */

/* Begin XCConfigurationList section */
		586405941AB9F43C00E49066 /* Build configuration list for PBXProject "CountingColors" */ = {
			isa = XCConfigurationList;
			buildConfigurations = (
				586405BD1AB9F43C00E49066 /* Debug */,
				586405BE1AB9F43C00E49066 /* Release */,
			);
			defaultConfigurationIsVisible = 0;
			defaultConfigurationName = Release;
		};
		586405BF1AB9F43C00E49066 /* Build configuration list for PBXNativeTarget "CountingColors" */ = {
			isa = XCConfigurationList;
			buildConfigurations = (
				586405C01AB9F43C00E49066 /* Debug */,
				586405C11AB9F43C00E49066 /* Release */,
			);
			defaultConfigurationIsVisible = 0;
			defaultConfigurationName = Release;
		};
		586405C21AB9F43C00E49066 /* Build configuration list for PBXNativeTarget "CountingColorsTests" */ = {
			isa = XCConfigurationList;
			buildConfigurations = (
				586405C31AB9F43C00E49066 /* Debug */,
				586405C41AB9F43C00E49066 /* Release */,
			);
			defaultConfigurationIsVisible = 0;
			defaultConfigurationName = Release;
		};
/* End XCConfigurationList section */

/* Begin XCVersionGroup section */
		586405D71ABA0E3800E49066 /* ColorsData.xcdatamodeld */ = {
			isa = XCVersionGroup;
			children = (
				586405D81ABA0E3800E49066 /* ColorsData.xcdatamodel */,
			);
			currentVersion = 586405D81ABA0E3800E49066 /* ColorsData.xcdatamodel */;
			path = ColorsData.xcdatamodeld;
			sourceTree = "<group>";
			versionGroupType = wrapper.xcdatamodel;
		};
/* End XCVersionGroup section */
	};
	rootObject = 586405911AB9F43C00E49066 /* Project object */;
}
