// !$*UTF8*$!
{
	archiveVersion = 1;
	classes = {
	};
	objectVersion = 46;
	objects = {

/* Begin PBXBuildFile section */
		582A44691AFA78470013FEA1 /* main.m in Sources */ = {isa = PBXBuildFile; fileRef = 582A44681AFA78470013FEA1 /* main.m */; };
		582A446C1AFA78470013FEA1 /* AppDelegate.m in Sources */ = {isa = PBXBuildFile; fileRef = 582A446B1AFA78470013FEA1 /* AppDelegate.m */; };
		582A446F1AFA78470013FEA1 /* ImageDisplayViewController.m in Sources */ = {isa = PBXBuildFile; fileRef = 582A446E1AFA78470013FEA1 /* ImageDisplayViewController.m */; };
		582A44721AFA78470013FEA1 /* Main.storyboard in Resources */ = {isa = PBXBuildFile; fileRef = 582A44701AFA78470013FEA1 /* Main.storyboard */; };
		582A44741AFA78470013FEA1 /* Images.xcassets in Resources */ = {isa = PBXBuildFile; fileRef = 582A44731AFA78470013FEA1 /* Images.xcassets */; };
		582A44771AFA78470013FEA1 /* LaunchScreen.xib in Resources */ = {isa = PBXBuildFile; fileRef = 582A44751AFA78470013FEA1 /* LaunchScreen.xib */; };
		582A44831AFA78470013FEA1 /* ImagesTests.m in Sources */ = {isa = PBXBuildFile; fileRef = 582A44821AFA78470013FEA1 /* ImagesTests.m */; };
/* End PBXBuildFile section */

/* Begin PBXContainerItemProxy section */
		582A447D1AFA78470013FEA1 /* PBXContainerItemProxy */ = {
			isa = PBXContainerItemProxy;
			containerPortal = 582A445B1AFA78470013FEA1 /* Project object */;
			proxyType = 1;
			remoteGlobalIDString = 582A44621AFA78470013FEA1;
			remoteInfo = Images;
		};
/* End PBXContainerItemProxy section */

/* Begin PBXFileReference section */
		582A44631AFA78470013FEA1 /* Images.app */ = {isa = PBXFileReference; explicitFileType = wrapper.application; includeInIndex = 0; path = Images.app; sourceTree = BUILT_PRODUCTS_DIR; };
		582A44671AFA78470013FEA1 /* Info.plist */ = {isa = PBXFileReference; lastKnownFileType = text.plist.xml; path = Info.plist; sourceTree = "<group>"; };
		582A44681AFA78470013FEA1 /* main.m */ = {isa = PBXFileReference; lastKnownFileType = sourcecode.c.objc; path = main.m; sourceTree = "<group>"; };
		582A446A1AFA78470013FEA1 /* AppDelegate.h */ = {isa = PBXFileReference; lastKnownFileType = sourcecode.c.h; path = AppDelegate.h; sourceTree = "<group>"; };
		582A446B1AFA78470013FEA1 /* AppDelegate.m */ = {isa = PBXFileReference; lastKnownFileType = sourcecode.c.objc; path = AppDelegate.m; sourceTree = "<group>"; };
		582A446D1AFA78470013FEA1 /* ImageDisplayViewController.h */ = {isa = PBXFileReference; lastKnownFileType = sourcecode.c.h; path = ImageDisplayViewController.h; sourceTree = "<group>"; };
		582A446E1AFA78470013FEA1 /* ImageDisplayViewController.m */ = {isa = PBXFileReference; lastKnownFileType = sourcecode.c.objc; path = ImageDisplayViewController.m; sourceTree = "<group>"; };
		582A44711AFA78470013FEA1 /* Base */ = {isa = PBXFileReference; lastKnownFileType = file.storyboard; name = Base; path = Base.lproj/Main.storyboard; sourceTree = "<group>"; };
		582A44731AFA78470013FEA1 /* Images.xcassets */ = {isa = PBXFileReference; lastKnownFileType = folder.assetcatalog; path = Images.xcassets; sourceTree = "<group>"; };
		582A44761AFA78470013FEA1 /* Base */ = {isa = PBXFileReference; lastKnownFileType = file.xib; name = Base; path = Base.lproj/LaunchScreen.xib; sourceTree = "<group>"; };
		582A447C1AFA78470013FEA1 /* ImagesTests.xctest */ = {isa = PBXFileReference; explicitFileType = wrapper.cfbundle; includeInIndex = 0; path = ImagesTests.xctest; sourceTree = BUILT_PRODUCTS_DIR; };
		582A44811AFA78470013FEA1 /* Info.plist */ = {isa = PBXFileReference; lastKnownFileType = text.plist.xml; path = Info.plist; sourceTree = "<group>"; };
		582A44821AFA78470013FEA1 /* ImagesTests.m */ = {isa = PBXFileReference; lastKnownFileType = sourcecode.c.objc; path = ImagesTests.m; sourceTree = "<group>"; };
/* End PBXFileReference section */

/* Begin PBXFrameworksBuildPhase section */
		582A44601AFA78470013FEA1 /* Frameworks */ = {
			isa = PBXFrameworksBuildPhase;
			buildActionMask = 2147483647;
			files = (
			);
			runOnlyForDeploymentPostprocessing = 0;
		};
		582A44791AFA78470013FEA1 /* Frameworks */ = {
			isa = PBXFrameworksBuildPhase;
			buildActionMask = 2147483647;
			files = (
			);
			runOnlyForDeploymentPostprocessing = 0;
		};
/* End PBXFrameworksBuildPhase section */

/* Begin PBXGroup section */
		582A445A1AFA78470013FEA1 = {
			isa = PBXGroup;
			children = (
				582A44651AFA78470013FEA1 /* Images */,
				582A447F1AFA78470013FEA1 /* ImagesTests */,
				582A44641AFA78470013FEA1 /* Products */,
			);
			sourceTree = "<group>";
		};
		582A44641AFA78470013FEA1 /* Products */ = {
			isa = PBXGroup;
			children = (
				582A44631AFA78470013FEA1 /* Images.app */,
				582A447C1AFA78470013FEA1 /* ImagesTests.xctest */,
			);
			name = Products;
			sourceTree = "<group>";
		};
		582A44651AFA78470013FEA1 /* Images */ = {
			isa = PBXGroup;
			children = (
				582A446A1AFA78470013FEA1 /* AppDelegate.h */,
				582A446B1AFA78470013FEA1 /* AppDelegate.m */,
				582A446D1AFA78470013FEA1 /* ImageDisplayViewController.h */,
				582A446E1AFA78470013FEA1 /* ImageDisplayViewController.m */,
				582A44701AFA78470013FEA1 /* Main.storyboard */,
				582A44731AFA78470013FEA1 /* Images.xcassets */,
				582A44751AFA78470013FEA1 /* LaunchScreen.xib */,
				582A44661AFA78470013FEA1 /* Supporting Files */,
			);
			path = Images;
			sourceTree = "<group>";
		};
		582A44661AFA78470013FEA1 /* Supporting Files */ = {
			isa = PBXGroup;
			children = (
				582A44671AFA78470013FEA1 /* Info.plist */,
				582A44681AFA78470013FEA1 /* main.m */,
			);
			name = "Supporting Files";
			sourceTree = "<group>";
		};
		582A447F1AFA78470013FEA1 /* ImagesTests */ = {
			isa = PBXGroup;
			children = (
				582A44821AFA78470013FEA1 /* ImagesTests.m */,
				582A44801AFA78470013FEA1 /* Supporting Files */,
			);
			path = ImagesTests;
			sourceTree = "<group>";
		};
		582A44801AFA78470013FEA1 /* Supporting Files */ = {
			isa = PBXGroup;
			children = (
				582A44811AFA78470013FEA1 /* Info.plist */,
			);
			name = "Supporting Files";
			sourceTree = "<group>";
		};
/* End PBXGroup section */

/* Begin PBXNativeTarget section */
		582A44621AFA78470013FEA1 /* Images */ = {
			isa = PBXNativeTarget;
			buildConfigurationList = 582A44861AFA78470013FEA1 /* Build configuration list for PBXNativeTarget "Images" */;
			buildPhases = (
				582A445F1AFA78470013FEA1 /* Sources */,
				582A44601AFA78470013FEA1 /* Frameworks */,
				582A44611AFA78470013FEA1 /* Resources */,
			);
			buildRules = (
			);
			dependencies = (
			);
			name = Images;
			productName = Images;
			productReference = 582A44631AFA78470013FEA1 /* Images.app */;
			productType = "com.apple.product-type.application";
		};
		582A447B1AFA78470013FEA1 /* ImagesTests */ = {
			isa = PBXNativeTarget;
			buildConfigurationList = 582A44891AFA78470013FEA1 /* Build configuration list for PBXNativeTarget "ImagesTests" */;
			buildPhases = (
				582A44781AFA78470013FEA1 /* Sources */,
				582A44791AFA78470013FEA1 /* Frameworks */,
				582A447A1AFA78470013FEA1 /* Resources */,
			);
			buildRules = (
			);
			dependencies = (
				582A447E1AFA78470013FEA1 /* PBXTargetDependency */,
			);
			name = ImagesTests;
			productName = ImagesTests;
			productReference = 582A447C1AFA78470013FEA1 /* ImagesTests.xctest */;
			productType = "com.apple.product-type.bundle.unit-test";
		};
/* End PBXNativeTarget section */

/* Begin PBXProject section */
		582A445B1AFA78470013FEA1 /* Project object */ = {
			isa = PBXProject;
			attributes = {
				LastUpgradeCheck = 0630;
				ORGANIZATIONNAME = dylansturg;
				TargetAttributes = {
					582A44621AFA78470013FEA1 = {
						CreatedOnToolsVersion = 6.3.1;
					};
					582A447B1AFA78470013FEA1 = {
						CreatedOnToolsVersion = 6.3.1;
						TestTargetID = 582A44621AFA78470013FEA1;
					};
				};
			};
			buildConfigurationList = 582A445E1AFA78470013FEA1 /* Build configuration list for PBXProject "Images" */;
			compatibilityVersion = "Xcode 3.2";
			developmentRegion = English;
			hasScannedForEncodings = 0;
			knownRegions = (
				en,
				Base,
			);
			mainGroup = 582A445A1AFA78470013FEA1;
			productRefGroup = 582A44641AFA78470013FEA1 /* Products */;
			projectDirPath = "";
			projectRoot = "";
			targets = (
				582A44621AFA78470013FEA1 /* Images */,
				582A447B1AFA78470013FEA1 /* ImagesTests */,
			);
		};
/* End PBXProject section */

/* Begin PBXResourcesBuildPhase section */
		582A44611AFA78470013FEA1 /* Resources */ = {
			isa = PBXResourcesBuildPhase;
			buildActionMask = 2147483647;
			files = (
				582A44721AFA78470013FEA1 /* Main.storyboard in Resources */,
				582A44771AFA78470013FEA1 /* LaunchScreen.xib in Resources */,
				582A44741AFA78470013FEA1 /* Images.xcassets in Resources */,
			);
			runOnlyForDeploymentPostprocessing = 0;
		};
		582A447A1AFA78470013FEA1 /* Resources */ = {
			isa = PBXResourcesBuildPhase;
			buildActionMask = 2147483647;
			files = (
			);
			runOnlyForDeploymentPostprocessing = 0;
		};
/* End PBXResourcesBuildPhase section */

/* Begin PBXSourcesBuildPhase section */
		582A445F1AFA78470013FEA1 /* Sources */ = {
			isa = PBXSourcesBuildPhase;
			buildActionMask = 2147483647;
			files = (
				582A446F1AFA78470013FEA1 /* ImageDisplayViewController.m in Sources */,
				582A446C1AFA78470013FEA1 /* AppDelegate.m in Sources */,
				582A44691AFA78470013FEA1 /* main.m in Sources */,
			);
			runOnlyForDeploymentPostprocessing = 0;
		};
		582A44781AFA78470013FEA1 /* Sources */ = {
			isa = PBXSourcesBuildPhase;
			buildActionMask = 2147483647;
			files = (
				582A44831AFA78470013FEA1 /* ImagesTests.m in Sources */,
			);
			runOnlyForDeploymentPostprocessing = 0;
		};
/* End PBXSourcesBuildPhase section */

/* Begin PBXTargetDependency section */
		582A447E1AFA78470013FEA1 /* PBXTargetDependency */ = {
			isa = PBXTargetDependency;
			target = 582A44621AFA78470013FEA1 /* Images */;
			targetProxy = 582A447D1AFA78470013FEA1 /* PBXContainerItemProxy */;
		};
/* End PBXTargetDependency section */

/* Begin PBXVariantGroup section */
		582A44701AFA78470013FEA1 /* Main.storyboard */ = {
			isa = PBXVariantGroup;
			children = (
				582A44711AFA78470013FEA1 /* Base */,
			);
			name = Main.storyboard;
			sourceTree = "<group>";
		};
		582A44751AFA78470013FEA1 /* LaunchScreen.xib */ = {
			isa = PBXVariantGroup;
			children = (
				582A44761AFA78470013FEA1 /* Base */,
			);
			name = LaunchScreen.xib;
			sourceTree = "<group>";
		};
/* End PBXVariantGroup section */

/* Begin XCBuildConfiguration section */
		582A44841AFA78470013FEA1 /* Debug */ = {
			isa = XCBuildConfiguration;
			buildSettings = {
				ALWAYS_SEARCH_USER_PATHS = NO;
				CLANG_CXX_LANGUAGE_STANDARD = "gnu++0x";
				CLANG_CXX_LIBRARY = "libc++";
				CLANG_ENABLE_MODULES = YES;
				CLANG_ENABLE_OBJC_ARC = YES;
				CLANG_WARN_BOOL_CONVERSION = YES;
				CLANG_WARN_CONSTANT_CONVERSION = YES;
				CLANG_WARN_DIRECT_OBJC_ISA_USAGE = YES_ERROR;
				CLANG_WARN_EMPTY_BODY = YES;
				CLANG_WARN_ENUM_CONVERSION = YES;
				CLANG_WARN_INT_CONVERSION = YES;
				CLANG_WARN_OBJC_ROOT_CLASS = YES_ERROR;
				CLANG_WARN_UNREACHABLE_CODE = YES;
				CLANG_WARN__DUPLICATE_METHOD_MATCH = YES;
				"CODE_SIGN_IDENTITY[sdk=iphoneos*]" = "iPhone Developer";
				COPY_PHASE_STRIP = NO;
				DEBUG_INFORMATION_FORMAT = "dwarf-with-dsym";
				ENABLE_STRICT_OBJC_MSGSEND = YES;
				GCC_C_LANGUAGE_STANDARD = gnu99;
				GCC_DYNAMIC_NO_PIC = NO;
				GCC_NO_COMMON_BLOCKS = YES;
				GCC_OPTIMIZATION_LEVEL = 0;
				GCC_PREPROCESSOR_DEFINITIONS = (
					"DEBUG=1",
					"$(inherited)",
				);
				GCC_SYMBOLS_PRIVATE_EXTERN = NO;
				GCC_WARN_64_TO_32_BIT_CONVERSION = YES;
				GCC_WARN_ABOUT_RETURN_TYPE = YES_ERROR;
				GCC_WARN_UNDECLARED_SELECTOR = YES;
				GCC_WARN_UNINITIALIZED_AUTOS = YES_AGGRESSIVE;
				GCC_WARN_UNUSED_FUNCTION = YES;
				GCC_WARN_UNUSED_VARIABLE = YES;
				IPHONEOS_DEPLOYMENT_TARGET = 8.3;
				MTL_ENABLE_DEBUG_INFO = YES;
				ONLY_ACTIVE_ARCH = YES;
				SDKROOT = iphoneos;
				TARGETED_DEVICE_FAMILY = "1,2";
			};
			name = Debug;
		};
		582A44851AFA78470013FEA1 /* Release */ = {
			isa = XCBuildConfiguration;
			buildSettings = {
				ALWAYS_SEARCH_USER_PATHS = NO;
				CLANG_CXX_LANGUAGE_STANDARD = "gnu++0x";
				CLANG_CXX_LIBRARY = "libc++";
				CLANG_ENABLE_MODULES = YES;
				CLANG_ENABLE_OBJC_ARC = YES;
				CLANG_WARN_BOOL_CONVERSION = YES;
				CLANG_WARN_CONSTANT_CONVERSION = YES;
				CLANG_WARN_DIRECT_OBJC_ISA_USAGE = YES_ERROR;
				CLANG_WARN_EMPTY_BODY = YES;
				CLANG_WARN_ENUM_CONVERSION = YES;
				CLANG_WARN_INT_CONVERSION = YES;
				CLANG_WARN_OBJC_ROOT_CLASS = YES_ERROR;
				CLANG_WARN_UNREACHABLE_CODE = YES;
				CLANG_WARN__DUPLICATE_METHOD_MATCH = YES;
				"CODE_SIGN_IDENTITY[sdk=iphoneos*]" = "iPhone Developer";
				COPY_PHASE_STRIP = NO;
				DEBUG_INFORMATION_FORMAT = "dwarf-with-dsym";
				ENABLE_NS_ASSERTIONS = NO;
				ENABLE_STRICT_OBJC_MSGSEND = YES;
				GCC_C_LANGUAGE_STANDARD = gnu99;
				GCC_NO_COMMON_BLOCKS = YES;
				GCC_WARN_64_TO_32_BIT_CONVERSION = YES;
				GCC_WARN_ABOUT_RETURN_TYPE = YES_ERROR;
				GCC_WARN_UNDECLARED_SELECTOR = YES;
				GCC_WARN_UNINITIALIZED_AUTOS = YES_AGGRESSIVE;
				GCC_WARN_UNUSED_FUNCTION = YES;
				GCC_WARN_UNUSED_VARIABLE = YES;
				IPHONEOS_DEPLOYMENT_TARGET = 8.3;
				MTL_ENABLE_DEBUG_INFO = NO;
				SDKROOT = iphoneos;
				TARGETED_DEVICE_FAMILY = "1,2";
				VALIDATE_PRODUCT = YES;
			};
			name = Release;
		};
		582A44871AFA78470013FEA1 /* Debug */ = {
			isa = XCBuildConfiguration;
			buildSettings = {
				ASSETCATALOG_COMPILER_APPICON_NAME = AppIcon;
				INFOPLIST_FILE = Images/Info.plist;
				LD_RUNPATH_SEARCH_PATHS = "$(inherited) @executable_path/Frameworks";
				PRODUCT_NAME = "$(TARGET_NAME)";
			};
			name = Debug;
		};
		582A44881AFA78470013FEA1 /* Release */ = {
			isa = XCBuildConfiguration;
			buildSettings = {
				ASSETCATALOG_COMPILER_APPICON_NAME = AppIcon;
				INFOPLIST_FILE = Images/Info.plist;
				LD_RUNPATH_SEARCH_PATHS = "$(inherited) @executable_path/Frameworks";
				PRODUCT_NAME = "$(TARGET_NAME)";
			};
			name = Release;
		};
		582A448A1AFA78470013FEA1 /* Debug */ = {
			isa = XCBuildConfiguration;
			buildSettings = {
				BUNDLE_LOADER = "$(TEST_HOST)";
				FRAMEWORK_SEARCH_PATHS = (
					"$(SDKROOT)/Developer/Library/Frameworks",
					"$(inherited)",
				);
				GCC_PREPROCESSOR_DEFINITIONS = (
					"DEBUG=1",
					"$(inherited)",
				);
				INFOPLIST_FILE = ImagesTests/Info.plist;
				LD_RUNPATH_SEARCH_PATHS = "$(inherited) @executable_path/Frameworks @loader_path/Frameworks";
				PRODUCT_NAME = "$(TARGET_NAME)";
				TEST_HOST = "$(BUILT_PRODUCTS_DIR)/Images.app/Images";
			};
			name = Debug;
		};
		582A448B1AFA78470013FEA1 /* Release */ = {
			isa = XCBuildConfiguration;
			buildSettings = {
				BUNDLE_LOADER = "$(TEST_HOST)";
				FRAMEWORK_SEARCH_PATHS = (
					"$(SDKROOT)/Developer/Library/Frameworks",
					"$(inherited)",
				);
				INFOPLIST_FILE = ImagesTests/Info.plist;
				LD_RUNPATH_SEARCH_PATHS = "$(inherited) @executable_path/Frameworks @loader_path/Frameworks";
				PRODUCT_NAME = "$(TARGET_NAME)";
				TEST_HOST = "$(BUILT_PRODUCTS_DIR)/Images.app/Images";
			};
			name = Release;
		};
/* End XCBuildConfiguration section */

/* Begin XCConfigurationList section */
		582A445E1AFA78470013FEA1 /* Build configuration list for PBXProject "Images" */ = {
			isa = XCConfigurationList;
			buildConfigurations = (
				582A44841AFA78470013FEA1 /* Debug */,
				582A44851AFA78470013FEA1 /* Release */,
			);
			defaultConfigurationIsVisible = 0;
			defaultConfigurationName = Release;
		};
		582A44861AFA78470013FEA1 /* Build configuration list for PBXNativeTarget "Images" */ = {
			isa = XCConfigurationList;
			buildConfigurations = (
				582A44871AFA78470013FEA1 /* Debug */,
				582A44881AFA78470013FEA1 /* Release */,
			);
			defaultConfigurationIsVisible = 0;
		};
		582A44891AFA78470013FEA1 /* Build configuration list for PBXNativeTarget "ImagesTests" */ = {
			isa = XCConfigurationList;
			buildConfigurations = (
				582A448A1AFA78470013FEA1 /* Debug */,
				582A448B1AFA78470013FEA1 /* Release */,
			);
			defaultConfigurationIsVisible = 0;
		};
/* End XCConfigurationList section */
	};
	rootObject = 582A445B1AFA78470013FEA1 /* Project object */;
}
